{
    "_readme": [
        "This file locks the dependencies of your project to a known state",
        "Read more about it at https://getcomposer.org/doc/01-basic-usage.md#installing-dependencies",
        "This file is @generated automatically"
    ],
    "content-hash": "f3129f9526dfcf7edddcc2d4bc899e55",
    "packages": [
        {
            "name": "issuesphp/framework",
            "version": "v1.0.x-dev",
            "source": {
                "type": "git",
                "url": "https://github.com/issuesphp/framework.git",
                "reference": "89b073098f1f4f26f092976f4c3e4c548cf36c82"
            },
            "dist": {
                "type": "zip",
                "url": "https://api.github.com/repos/issuesphp/framework/zipball/89b073098f1f4f26f092976f4c3e4c548cf36c82",
                "reference": "89b073098f1f4f26f092976f4c3e4c548cf36c82",
                "shasum": ""
            },
            "type": "library",
            "notification-url": "https://packagist.org/downloads/",
            "license": [
                "MIT"
            ],
            "authors": [
                {
                    "name": "jonathan castro",
                    "email": "joncastdev@gmail.com"
                }
            ],
            "description": "core a simple PHP framework that helps solve problems.",
            "keywords": [
                "framework",
                "issuesphp"
            ],
            "support": {
                "issues": "https://github.com/issuesphp/framework/issues",
                "source": "https://github.com/issuesphp/framework/tree/v1.0"
            },
            "funding": [
                {
                    "url": "https://ko-fi.com/foroworkers",
                    "type": "ko_fi"
                },
                {
                    "url": "https://www.patreon.com/foroworkers",
                    "type": "patreon"
                }
            ],
            "time": "2026-09-20T01:48:31+00:00"
        }
    ],
    "packages-dev": [],
    "aliases": [],
    "minimum-stability": "stable",
    "stability-flags": {
        "issuesphp/framework": 20
    },
    "prefer-stable": false,
    "prefer-lowest": false,
    "platform": [],
    "platform-dev": [],
    "plugin-api-version": "2.6.0"
}
